dependencies:
- name: cockroachdb
  repository: https://charts.cockroachdb.com/
  version: 9.1.1
- name: notifo
  repository: https://raw.githubusercontent.com/catalystcommunity/charts/main/
  version: 1.0.0-alpha.3
digest: sha256:a841bcbc57f23066f6672fc204c3f62ef4d8c7836fa901b80ff67c8151dc447b
generated: "2025-01-08T16:43:02.264363773-07:00"
